
Microsoft Visual Studio Solution File, Format Version 12.00
# Visual Studio 15
VisualStudioVersion = 15.0.27703.2026
MinimumVisualStudioVersion = 10.0.40219.1
Project("{FAE04EC0-301F-11D3-BF4B-00C04F79EFBC}") = "WebApplication1", "WebApplication1\WebApplication1.csproj", "{CF43A6F8-C82A-457A-B740-4A72D50705C7}"
EndProject
Global
	GlobalSection(SolutionConfigurationPlatforms) = preSolution
		Debug|Any CPU = Debug|Any CPU
		Release|Any CPU = Release|Any CPU
	EndGlobalSection
	GlobalSection(ProjectConfigurationPlatforms) = postSolution
		{CF43A6F8-C82A-457A-B740-4A72D50705C7}.Debug|Any CPU.ActiveCfg = Debug|Any CPU
		{CF43A6F8-C82A-457A-B740-4A72D50705C7}.Debug|Any CPU.Build.0 = Debug|Any CPU
		{CF43A6F8-C82A-457A-B740-4A72D50705C7}.Release|Any CPU.ActiveCfg = Release|Any CPU
		{CF43A6F8-C82A-457A-B740-4A72D50705C7}.Release|Any CPU.Build.0 = Release|Any CPU
	EndGlobalSection
	GlobalSection(SolutionProperties) = preSolution
		HideSolutionNode = FALSE
	EndGlobalSection
	GlobalSection(ExtensibilityGlobals) = postSolution
		SolutionGuid = {359A8C51-D0BF-45EA-AFEC-63A62637864D}
	EndGlobalSection
EndGlobal
